
Microsoft Visual Studio Solution File, Format Version 12.00
# Visual Studio Version 17
VisualStudioVersion = 17.4.33205.214
MinimumVisualStudioVersion = 10.0.40219.1
Project("{FAE04EC0-301F-11D3-BF4B-00C04F79EFBC}") = "RabbitsHaveBabies", "RabbitsHaveBabies.csproj", "{ED22D131-38E5-43AA-8129-300E9C7516C8}"
EndProject
Global
	GlobalSection(SolutionConfigurationPlatforms) = preSolution
		Debug|Any CPU = Debug|Any CPU
		Release|Any CPU = Release|Any CPU
	EndGlobalSection
	GlobalSection(ProjectConfigurationPlatforms) = postSolution
		{ED22D131-38E5-43AA-8129-300E9C7516C8}.Debug|Any CPU.ActiveCfg = Debug|Any CPU
		{ED22D131-38E5-43AA-8129-300E9C7516C8}.Debug|Any CPU.Build.0 = Debug|Any CPU
		{ED22D131-38E5-43AA-8129-300E9C7516C8}.Release|Any CPU.ActiveCfg = Release|Any CPU
		{ED22D131-38E5-43AA-8129-300E9C7516C8}.Release|Any CPU.Build.0 = Release|Any CPU
	EndGlobalSection
	GlobalSection(SolutionProperties) = preSolution
		HideSolutionNode = FALSE
	EndGlobalSection
	GlobalSection(ExtensibilityGlobals) = postSolution
		SolutionGuid = {61BB6D52-E2C2-4FD3-8BDB-3FB900B887DA}
	EndGlobalSection
EndGlobal
